
Microsoft Visual Studio Solution File, Format Version 12.00
# Visual Studio 15
Project("{FAE04EC0-301F-11D3-BF4B-00C04F79EFBC}") = "Assembly-CSharp", "Assembly-CSharp.csproj", "{1E400649-C023-0954-1388-FCD4D54DF4D4}"
EndProject
Project("{FAE04EC0-301F-11D3-BF4B-00C04F79EFBC}") = "Assembly-CSharp-Editor", "Assembly-CSharp-Editor.csproj", "{BAE7C83C-0EC9-396B-6C45-674C0ADECD26}"
EndProject
Global
	GlobalSection(SolutionConfigurationPlatforms) = preSolution
		Debug|Any CPU = Debug|Any CPU
		Release|Any CPU = Release|Any CPU
	EndGlobalSection
	GlobalSection(ProjectConfigurationPlatforms) = postSolution
		{1E400649-C023-0954-1388-FCD4D54DF4D4}.Debug|Any CPU.ActiveCfg = Debug|Any CPU
		{1E400649-C023-0954-1388-FCD4D54DF4D4}.Debug|Any CPU.Build.0 = Debug|Any CPU
		{1E400649-C023-0954-1388-FCD4D54DF4D4}.Release|Any CPU.ActiveCfg = Release|Any CPU
		{1E400649-C023-0954-1388-FCD4D54DF4D4}.Release|Any CPU.Build.0 = Release|Any CPU
		{BAE7C83C-0EC9-396B-6C45-674C0ADECD26}.Debug|Any CPU.ActiveCfg = Debug|Any CPU
		{BAE7C83C-0EC9-396B-6C45-674C0ADECD26}.Debug|Any CPU.Build.0 = Debug|Any CPU
		{BAE7C83C-0EC9-396B-6C45-674C0ADECD26}.Release|Any CPU.ActiveCfg = Release|Any CPU
		{BAE7C83C-0EC9-396B-6C45-674C0ADECD26}.Release|Any CPU.Build.0 = Release|Any CPU
	EndGlobalSection
	GlobalSection(SolutionProperties) = preSolution
		HideSolutionNode = FALSE
	EndGlobalSection
EndGlobal
